
Microsoft Visual Studio Solution File, Format Version 12.00
# Visual Studio Version 17
VisualStudioVersion = 17.5.002.0
MinimumVisualStudioVersion = 10.0.40219.1
Project("{9A19103F-16F7-4668-BE54-9A1E7A4F7556}") = "phonebook", "phonebook.csproj", "{273BA23C-95FA-4FF4-B383-C289A46D4AD5}"
EndProject
Global
	GlobalSection(SolutionConfigurationPlatforms) = preSolution
		Debug|Any CPU = Debug|Any CPU
		Release|Any CPU = Release|Any CPU
	EndGlobalSection
	GlobalSection(ProjectConfigurationPlatforms) = postSolution
		{273BA23C-95FA-4FF4-B383-C289A46D4AD5}.Debug|Any CPU.ActiveCfg = Debug|Any CPU
		{273BA23C-95FA-4FF4-B383-C289A46D4AD5}.Debug|Any CPU.Build.0 = Debug|Any CPU
		{273BA23C-95FA-4FF4-B383-C289A46D4AD5}.Release|Any CPU.ActiveCfg = Release|Any CPU
		{273BA23C-95FA-4FF4-B383-C289A46D4AD5}.Release|Any CPU.Build.0 = Release|Any CPU
	EndGlobalSection
	GlobalSection(SolutionProperties) = preSolution
		HideSolutionNode = FALSE
	EndGlobalSection
	GlobalSection(ExtensibilityGlobals) = postSolution
		SolutionGuid = {06B6E155-A1C5-4A53-8173-2783C898F480}
	EndGlobalSection
EndGlobal
